
Microsoft Visual Studio Solution File, Format Version 12.00
# Visual Studio Version 16
VisualStudioVersion = 16.0.34114.132
MinimumVisualStudioVersion = 10.0.40219.1
Project("{FAE04EC0-301F-11D3-BF4B-00C04F79EFBC}") = "CRUDRestaurant", "CRUDRestaurant\CRUDRestaurant.csproj", "{B6D73CA4-A81D-4414-9F2D-F17BF53FE302}"
EndProject
Global
	GlobalSection(SolutionConfigurationPlatforms) = preSolution
		Debug|Any CPU = Debug|Any CPU
		Release|Any CPU = Release|Any CPU
	EndGlobalSection
	GlobalSection(ProjectConfigurationPlatforms) = postSolution
		{B6D73CA4-A81D-4414-9F2D-F17BF53FE302}.Debug|Any CPU.ActiveCfg = Debug|Any CPU
		{B6D73CA4-A81D-4414-9F2D-F17BF53FE302}.Debug|Any CPU.Build.0 = Debug|Any CPU
		{B6D73CA4-A81D-4414-9F2D-F17BF53FE302}.Release|Any CPU.ActiveCfg = Release|Any CPU
		{B6D73CA4-A81D-4414-9F2D-F17BF53FE302}.Release|Any CPU.Build.0 = Release|Any CPU
	EndGlobalSection
	GlobalSection(SolutionProperties) = preSolution
		HideSolutionNode = FALSE
	EndGlobalSection
	GlobalSection(ExtensibilityGlobals) = postSolution
		SolutionGuid = {8C95E0C8-36D5-479F-98D5-A6AE8E8E4B4B}
	EndGlobalSection
EndGlobal
